
Microsoft Visual Studio Solution File, Format Version 12.00
# Visual Studio Version 16
VisualStudioVersion = 16.0.30114.105
MinimumVisualStudioVersion = 10.0.40219.1
Project("{FAE04EC0-301F-11D3-BF4B-00C04F79EFBC}") = "frontend", "frontend\frontend.csproj", "{25DA30A5-5D8D-42C8-9DD3-0A47361871E9}"
EndProject
Project("{FAE04EC0-301F-11D3-BF4B-00C04F79EFBC}") = "backend", "backend\backend.csproj", "{8D8E0FFD-72D1-4980-AF6D-D7C8BD707A33}"
EndProject
Global
	GlobalSection(SolutionConfigurationPlatforms) = preSolution
		Debug|Any CPU = Debug|Any CPU
		Release|Any CPU = Release|Any CPU
	EndGlobalSection
	GlobalSection(SolutionProperties) = preSolution
		HideSolutionNode = FALSE
	EndGlobalSection
	GlobalSection(ProjectConfigurationPlatforms) = postSolution
		{25DA30A5-5D8D-42C8-9DD3-0A47361871E9}.Debug|Any CPU.ActiveCfg = Debug|Any CPU
		{25DA30A5-5D8D-42C8-9DD3-0A47361871E9}.Debug|Any CPU.Build.0 = Debug|Any CPU
		{25DA30A5-5D8D-42C8-9DD3-0A47361871E9}.Release|Any CPU.ActiveCfg = Release|Any CPU
		{25DA30A5-5D8D-42C8-9DD3-0A47361871E9}.Release|Any CPU.Build.0 = Release|Any CPU
		{8D8E0FFD-72D1-4980-AF6D-D7C8BD707A33}.Debug|Any CPU.ActiveCfg = Debug|Any CPU
		{8D8E0FFD-72D1-4980-AF6D-D7C8BD707A33}.Debug|Any CPU.Build.0 = Debug|Any CPU
		{8D8E0FFD-72D1-4980-AF6D-D7C8BD707A33}.Release|Any CPU.ActiveCfg = Release|Any CPU
		{8D8E0FFD-72D1-4980-AF6D-D7C8BD707A33}.Release|Any CPU.Build.0 = Release|Any CPU
	EndGlobalSection
EndGlobal
